// !$*UTF8*$!
{
	archiveVersion = 1;
	classes = {
	};
	objectVersion = 52;
	objects = {

/* Begin PBXBuildFile section */
		E7145E8E26B3207E000907B7 /* AppDelegate.swift in Sources */ = {isa = PBXBuildFile; fileRef = E7145E8D26B3207E000907B7 /* AppDelegate.swift */; };
		E7145E9026B3207E000907B7 /* ContentView.swift in Sources */ = {isa = PBXBuildFile; fileRef = E7145E8F26B3207E000907B7 /* ContentView.swift */; };
		E7145E9426B3207E000907B7 /* Assets.xcassets in Resources */ = {isa = PBXBuildFile; fileRef = E7145E9326B3207E000907B7 /* Assets.xcassets */; };
		E7145E9726B3207E000907B7 /* Preview Assets.xcassets in Resources */ = {isa = PBXBuildFile; fileRef = E7145E9626B3207E000907B7 /* Preview Assets.xcassets */; };
		E7145EA326B3216B000907B7 /* toy_biplane.usdz in Resources */ = {isa = PBXBuildFile; fileRef = E7145E9F26B3216B000907B7 /* toy_biplane.usdz */; };
		E7145EA426B3216B000907B7 /* fender_stratocaster.usdz in Resources */ = {isa = PBXBuildFile; fileRef = E7145EA026B3216B000907B7 /* fender_stratocaster.usdz */; };
		E7145EA526B3216B000907B7 /* toy_robot_vintage.usdz in Resources */ = {isa = PBXBuildFile; fileRef = E7145EA126B3216B000907B7 /* toy_robot_vintage.usdz */; };
		E7145EA626B3216B000907B7 /* teapot.usdz in Resources */ = {isa = PBXBuildFile; fileRef = E7145EA226B3216B000907B7 /* teapot.usdz */; };
		E7145EA826B33547000907B7 /* Model.swift in Sources */ = {isa = PBXBuildFile; fileRef = E7145EA726B33547000907B7 /* Model.swift */; };
		E7145EAB26B34B4A000907B7 /* FocusEntity in Frameworks */ = {isa = PBXBuildFile; productRef = E7145EAA26B34B4A000907B7 /* FocusEntity */; };
		E7145EAE26B34D7D000907B7 /* SmartHitTest in Frameworks */ = {isa = PBXBuildFile; productRef = E7145EAD26B34D7D000907B7 /* SmartHitTest */; };
/* End PBXBuildFile section */

/* Begin PBXFileReference section */
		E7145E8A26B3207E000907B7 /* ModelPickerApp.app */ = {isa = PBXFileReference; explicitFileType = wrapper.application; includeInIndex = 0; path = ModelPickerApp.app; sourceTree = BUILT_PRODUCTS_DIR; };
		E7145E8D26B3207E000907B7 /* AppDelegate.swift */ = {isa = PBXFileReference; lastKnownFileType = sourcecode.swift; path = AppDelegate.swift; sourceTree = "<group>"; };
		E7145E8F26B3207E000907B7 /* ContentView.swift */ = {isa = PBXFileReference; lastKnownFileType = sourcecode.swift; path = ContentView.swift; sourceTree = "<group>"; };
		E7145E9326B3207E000907B7 /* Assets.xcassets */ = {isa = PBXFileReference; lastKnownFileType = folder.assetcatalog; path = Assets.xcassets; sourceTree = "<group>"; };
		E7145E9626B3207E000907B7 /* Preview Assets.xcassets */ = {isa = PBXFileReference; lastKnownFileType = folder.assetcatalog; path = "Preview Assets.xcassets"; sourceTree = "<group>"; };
		E7145E9826B3207E000907B7 /* Info.plist */ = {isa = PBXFileReference; lastKnownFileType = text.plist.xml; path = Info.plist; sourceTree = "<group>"; };
		E7145E9F26B3216B000907B7 /* toy_biplane.usdz */ = {isa = PBXFileReference; lastKnownFileType = file.usdz; path = toy_biplane.usdz; sourceTree = SOURCE_ROOT; };
		E7145EA026B3216B000907B7 /* fender_stratocaster.usdz */ = {isa = PBXFileReference; lastKnownFileType = file.usdz; path = fender_stratocaster.usdz; sourceTree = SOURCE_ROOT; };
		E7145EA126B3216B000907B7 /* toy_robot_vintage.usdz */ = {isa = PBXFileReference; lastKnownFileType = file.usdz; path = toy_robot_vintage.usdz; sourceTree = SOURCE_ROOT; };
		E7145EA226B3216B000907B7 /* teapot.usdz */ = {isa = PBXFileReference; lastKnownFileType = file.usdz; path = teapot.usdz; sourceTree = SOURCE_ROOT; };
		E7145EA726B33547000907B7 /* Model.swift */ = {isa = PBXFileReference; lastKnownFileType = sourcecode.swift; path = Model.swift; sourceTree = "<group>"; };
/* End PBXFileReference section */

/* Begin PBXFrameworksBuildPhase section */
		E7145E8726B3207E000907B7 /* Frameworks */ = {
			isa = PBXFrameworksBuildPhase;
			buildActionMask = 2147483647;
			files = (
				E7145EAE26B34D7D000907B7 /* SmartHitTest in Frameworks */,
				E7145EAB26B34B4A000907B7 /* FocusEntity in Frameworks */,
			);
			runOnlyForDeploymentPostprocessing = 0;
		};
/* End PBXFrameworksBuildPhase section */

/* Begin PBXGroup section */
		E7145E8126B3207E000907B7 = {
			isa = PBXGroup;
			children = (
				E7145E8C26B3207E000907B7 /* ModelPickerApp */,
				E7145E8B26B3207E000907B7 /* Products */,
			);
			sourceTree = "<group>";
		};
		E7145E8B26B3207E000907B7 /* Products */ = {
			isa = PBXGroup;
			children = (
				E7145E8A26B3207E000907B7 /* ModelPickerApp.app */,
			);
			name = Products;
			sourceTree = "<group>";
		};
		E7145E8C26B3207E000907B7 /* ModelPickerApp */ = {
			isa = PBXGroup;
			children = (
				E7145EA726B33547000907B7 /* Model.swift */,
				E7145E9E26B32147000907B7 /* Models */,
				E7145E8D26B3207E000907B7 /* AppDelegate.swift */,
				E7145E8F26B3207E000907B7 /* ContentView.swift */,
				E7145E9326B3207E000907B7 /* Assets.xcassets */,
				E7145E9826B3207E000907B7 /* Info.plist */,
				E7145E9526B3207E000907B7 /* Preview Content */,
			);
			path = ModelPickerApp;
			sourceTree = "<group>";
		};
		E7145E9526B3207E000907B7 /* Preview Content */ = {
			isa = PBXGroup;
			children = (
				E7145E9626B3207E000907B7 /* Preview Assets.xcassets */,
			);
			path = "Preview Content";
			sourceTree = "<group>";
		};
		E7145E9E26B32147000907B7 /* Models */ = {
			isa = PBXGroup;
			children = (
				E7145EA026B3216B000907B7 /* fender_stratocaster.usdz */,
				E7145EA226B3216B000907B7 /* teapot.usdz */,
				E7145E9F26B3216B000907B7 /* toy_biplane.usdz */,
				E7145EA126B3216B000907B7 /* toy_robot_vintage.usdz */,
			);
			path = Models;
			sourceTree = "<group>";
		};
/* End PBXGroup section */

/* Begin PBXNativeTarget section */
		E7145E8926B3207E000907B7 /* ModelPickerApp */ = {
			isa = PBXNativeTarget;
			buildConfigurationList = E7145E9B26B3207E000907B7 /* Build configuration list for PBXNativeTarget "ModelPickerApp" */;
			buildPhases = (
				E7145E8626B3207E000907B7 /* Sources */,
				E7145E8726B3207E000907B7 /* Frameworks */,
				E7145E8826B3207E000907B7 /* Resources */,
			);
			buildRules = (
			);
			dependencies = (
			);
			name = ModelPickerApp;
			packageProductDependencies = (
				E7145EAA26B34B4A000907B7 /* FocusEntity */,
				E7145EAD26B34D7D000907B7 /* SmartHitTest */,
			);
			productName = ModelPickerApp;
			productReference = E7145E8A26B3207E000907B7 /* ModelPickerApp.app */;
			productType = "com.apple.product-type.application";
		};
/* End PBXNativeTarget section */

/* Begin PBXProject section */
		E7145E8226B3207E000907B7 /* Project object */ = {
			isa = PBXProject;
			attributes = {
				LastSwiftUpdateCheck = 1250;
				LastUpgradeCheck = 1250;
				TargetAttributes = {
					E7145E8926B3207E000907B7 = {
						CreatedOnToolsVersion = 12.5.1;
					};
				};
			};
			buildConfigurationList = E7145E8526B3207E000907B7 /* Build configuration list for PBXProject "ModelPickerApp" */;
			compatibilityVersion = "Xcode 9.3";
			developmentRegion = en;
			hasScannedForEncodings = 0;
			knownRegions = (
				en,
				Base,
			);
			mainGroup = E7145E8126B3207E000907B7;
			packageReferences = (
				E7145EA926B34B4A000907B7 /* XCRemoteSwiftPackageReference "FocusEntity" */,
				E7145EAC26B34D7D000907B7 /* XCRemoteSwiftPackageReference "ARKit-SmartHitTest" */,
			);
			productRefGroup = E7145E8B26B3207E000907B7 /* Products */;
			projectDirPath = "";
			projectRoot = "";
			targets = (
				E7145E8926B3207E000907B7 /* ModelPickerApp */,
			);
		};
/* End PBXProject section */

/* Begin PBXResourcesBuildPhase section */
		E7145E8826B3207E000907B7 /* Resources */ = {
			isa = PBXResourcesBuildPhase;
			buildActionMask = 2147483647;
			files = (
				E7145EA626B3216B000907B7 /* teapot.usdz in Resources */,
				E7145EA326B3216B000907B7 /* toy_biplane.usdz in Resources */,
				E7145EA526B3216B000907B7 /* toy_robot_vintage.usdz in Resources */,
				E7145E9726B3207E000907B7 /* Preview Assets.xcassets in Resources */,
				E7145EA426B3216B000907B7 /* fender_stratocaster.usdz in Resources */,
				E7145E9426B3207E000907B7 /* Assets.xcassets in Resources */,
			);
			runOnlyForDeploymentPostprocessing = 0;
		};
/* End PBXResourcesBuildPhase section */

/* Begin PBXSourcesBuildPhase section */
		E7145E8626B3207E000907B7 /* Sources */ = {
			isa = PBXSourcesBuildPhase;
			buildActionMask = 2147483647;
			files = (
				E7145EA826B33547000907B7 /* Model.swift in Sources */,
				E7145E9026B3207E000907B7 /* ContentView.swift in Sources */,
				E7145E8E26B3207E000907B7 /* AppDelegate.swift in Sources */,
			);
			runOnlyForDeploymentPostprocessing = 0;
		};
/* End PBXSourcesBuildPhase section */

/* Begin XCBuildConfiguration section */
		E7145E9926B3207E000907B7 /* Debug */ = {
			isa = XCBuildConfiguration;
			buildSettings = {
				ALWAYS_SEARCH_USER_PATHS = NO;
				CLANG_ANALYZER_NONNULL = YES;
				CLANG_ANALYZER_NUMBER_OBJECT_CONVERSION = YES_AGGRESSIVE;
				CLANG_CXX_LANGUAGE_STANDARD = "gnu++14";
				CLANG_CXX_LIBRARY = "libc++";
				CLANG_ENABLE_MODULES = YES;
				CLANG_ENABLE_OBJC_ARC = YES;
				CLANG_ENABLE_OBJC_WEAK = YES;
				CLANG_WARN_BLOCK_CAPTURE_AUTORELEASING = YES;
				CLANG_WARN_BOOL_CONVERSION = YES;
				CLANG_WARN_COMMA = YES;
				CLANG_WARN_CONSTANT_CONVERSION = YES;
				CLANG_WARN_DEPRECATED_OBJC_IMPLEMENTATIONS = YES;
				CLANG_WARN_DIRECT_OBJC_ISA_USAGE = YES_ERROR;
				CLANG_WARN_DOCUMENTATION_COMMENTS = YES;
				CLANG_WARN_EMPTY_BODY = YES;
				CLANG_WARN_ENUM_CONVERSION = YES;
				CLANG_WARN_INFINITE_RECURSION = YES;
				CLANG_WARN_INT_CONVERSION = YES;
				CLANG_WARN_NON_LITERAL_NULL_CONVERSION = YES;
				CLANG_WARN_OBJC_IMPLICIT_RETAIN_SELF = YES;
				CLANG_WARN_OBJC_LITERAL_CONVERSION = YES;
				CLANG_WARN_OBJC_ROOT_CLASS = YES_ERROR;
				CLANG_WARN_QUOTED_INCLUDE_IN_FRAMEWORK_HEADER = YES;
				CLANG_WARN_RANGE_LOOP_ANALYSIS = YES;
				CLANG_WARN_STRICT_PROTOTYPES = YES;
				CLANG_WARN_SUSPICIOUS_MOVE = YES;
				CLANG_WARN_UNGUARDED_AVAILABILITY = YES_AGGRESSIVE;
				CLANG_WARN_UNREACHABLE_CODE = YES;
				CLANG_WARN__DUPLICATE_METHOD_MATCH = YES;
				COPY_PHASE_STRIP = NO;
				DEBUG_INFORMATION_FORMAT = dwarf;
				ENABLE_STRICT_OBJC_MSGSEND = YES;
				ENABLE_TESTABILITY = YES;
				GCC_C_LANGUAGE_STANDARD = gnu11;
				GCC_DYNAMIC_NO_PIC = NO;
				GCC_NO_COMMON_BLOCKS = YES;
				GCC_OPTIMIZATION_LEVEL = 0;
				GCC_PREPROCESSOR_DEFINITIONS = (
					"DEBUG=1",
					"$(inherited)",
				);
				GCC_WARN_64_TO_32_BIT_CONVERSION = YES;
				GCC_WARN_ABOUT_RETURN_TYPE = YES_ERROR;
				GCC_WARN_UNDECLARED_SELECTOR = YES;
				GCC_WARN_UNINITIALIZED_AUTOS = YES_AGGRESSIVE;
				GCC_WARN_UNUSED_FUNCTION = YES;
				GCC_WARN_UNUSED_VARIABLE = YES;
				IPHONEOS_DEPLOYMENT_TARGET = 14.5;
				MTL_ENABLE_DEBUG_INFO = INCLUDE_SOURCE;
				MTL_FAST_MATH = YES;
				ONLY_ACTIVE_ARCH = YES;
				SDKROOT = iphoneos;
				SWIFT_ACTIVE_COMPILATION_CONDITIONS = DEBUG;
				SWIFT_OPTIMIZATION_LEVEL = "-Onone";
			};
			name = Debug;
		};
		E7145E9A26B3207E000907B7 /* Release */ = {
			isa = XCBuildConfiguration;
			buildSettings = {
				ALWAYS_SEARCH_USER_PATHS = NO;
				CLANG_ANALYZER_NONNULL = YES;
				CLANG_ANALYZER_NUMBER_OBJECT_CONVERSION = YES_AGGRESSIVE;
				CLANG_CXX_LANGUAGE_STANDARD = "gnu++14";
				CLANG_CXX_LIBRARY = "libc++";
				CLANG_ENABLE_MODULES = YES;
				CLANG_ENABLE_OBJC_ARC = YES;
				CLANG_ENABLE_OBJC_WEAK = YES;
				CLANG_WARN_BLOCK_CAPTURE_AUTORELEASING = YES;
				CLANG_WARN_BOOL_CONVERSION = YES;
				CLANG_WARN_COMMA = YES;
				CLANG_WARN_CONSTANT_CONVERSION = YES;
				CLANG_WARN_DEPRECATED_OBJC_IMPLEMENTATIONS = YES;
				CLANG_WARN_DIRECT_OBJC_ISA_USAGE = YES_ERROR;
				CLANG_WARN_DOCUMENTATION_COMMENTS = YES;
				CLANG_WARN_EMPTY_BODY = YES;
				CLANG_WARN_ENUM_CONVERSION = YES;
				CLANG_WARN_INFINITE_RECURSION = YES;
				CLANG_WARN_INT_CONVERSION = YES;
				CLANG_WARN_NON_LITERAL_NULL_CONVERSION = YES;
				CLANG_WARN_OBJC_IMPLICIT_RETAIN_SELF = YES;
				CLANG_WARN_OBJC_LITERAL_CONVERSION = YES;
				CLANG_WARN_OBJC_ROOT_CLASS = YES_ERROR;
				CLANG_WARN_QUOTED_INCLUDE_IN_FRAMEWORK_HEADER = YES;
				CLANG_WARN_RANGE_LOOP_ANALYSIS = YES;
				CLANG_WARN_STRICT_PROTOTYPES = YES;
				CLANG_WARN_SUSPICIOUS_MOVE = YES;
				CLANG_WARN_UNGUARDED_AVAILABILITY = YES_AGGRESSIVE;
				CLANG_WARN_UNREACHABLE_CODE = YES;
				CLANG_WARN__DUPLICATE_METHOD_MATCH = YES;
				COPY_PHASE_STRIP = NO;
				DEBUG_INFORMATION_FORMAT = "dwarf-with-dsym";
				ENABLE_NS_ASSERTIONS = NO;
				ENABLE_STRICT_OBJC_MSGSEND = YES;
				GCC_C_LANGUAGE_STANDARD = gnu11;
				GCC_NO_COMMON_BLOCKS = YES;
				GCC_WARN_64_TO_32_BIT_CONVERSION = YES;
				GCC_WARN_ABOUT_RETURN_TYPE = YES_ERROR;
				GCC_WARN_UNDECLARED_SELECTOR = YES;
				GCC_WARN_UNINITIALIZED_AUTOS = YES_AGGRESSIVE;
				GCC_WARN_UNUSED_FUNCTION = YES;
				GCC_WARN_UNUSED_VARIABLE = YES;
				IPHONEOS_DEPLOYMENT_TARGET = 14.5;
				MTL_ENABLE_DEBUG_INFO = NO;
				MTL_FAST_MATH = YES;
				SDKROOT = iphoneos;
				SWIFT_COMPILATION_MODE = wholemodule;
				SWIFT_OPTIMIZATION_LEVEL = "-O";
				VALIDATE_PRODUCT = YES;
			};
			name = Release;
		};
		E7145E9C26B3207E000907B7 /* Debug */ = {
			isa = XCBuildConfiguration;
			buildSettings = {
				ASSETCATALOG_COMPILER_APPICON_NAME = AppIcon;
				ASSETCATALOG_COMPILER_GLOBAL_ACCENT_COLOR_NAME = AccentColor;
				CODE_SIGN_STYLE = Automatic;
				DEVELOPMENT_ASSET_PATHS = "\"ModelPickerApp/Preview Content\"";
				DEVELOPMENT_TEAM = MY6ZXR826D;
				ENABLE_PREVIEWS = YES;
				INFOPLIST_FILE = ModelPickerApp/Info.plist;
				LD_RUNPATH_SEARCH_PATHS = (
					"$(inherited)",
					"@executable_path/Frameworks",
				);
				PRODUCT_BUNDLE_IDENTIFIER = com.mason.ModelPickerApp.ModelPickerApp;
				PRODUCT_NAME = "$(TARGET_NAME)";
				SWIFT_VERSION = 5.0;
				TARGETED_DEVICE_FAMILY = "1,2";
			};
			name = Debug;
		};
		E7145E9D26B3207E000907B7 /* Release */ = {
			isa = XCBuildConfiguration;
			buildSettings = {
				ASSETCATALOG_COMPILER_APPICON_NAME = AppIcon;
				ASSETCATALOG_COMPILER_GLOBAL_ACCENT_COLOR_NAME = AccentColor;
				CODE_SIGN_STYLE = Automatic;
				DEVELOPMENT_ASSET_PATHS = "\"ModelPickerApp/Preview Content\"";
				DEVELOPMENT_TEAM = MY6ZXR826D;
				ENABLE_PREVIEWS = YES;
				INFOPLIST_FILE = ModelPickerApp/Info.plist;
				LD_RUNPATH_SEARCH_PATHS = (
					"$(inherited)",
					"@executable_path/Frameworks",
				);
				PRODUCT_BUNDLE_IDENTIFIER = com.mason.ModelPickerApp.ModelPickerApp;
				PRODUCT_NAME = "$(TARGET_NAME)";
				SWIFT_VERSION = 5.0;
				TARGETED_DEVICE_FAMILY = "1,2";
			};
			name = Release;
		};
/* End XCBuildConfiguration section */

/* Begin XCConfigurationList section */
		E7145E8526B3207E000907B7 /* Build configuration list for PBXProject "ModelPickerApp" */ = {
			isa = XCConfigurationList;
			buildConfigurations = (
				E7145E9926B3207E000907B7 /* Debug */,
				E7145E9A26B3207E000907B7 /* Release */,
			);
			defaultConfigurationIsVisible = 0;
			defaultConfigurationName = Release;
		};
		E7145E9B26B3207E000907B7 /* Build configuration list for PBXNativeTarget "ModelPickerApp" */ = {
			isa = XCConfigurationList;
			buildConfigurations = (
				E7145E9C26B3207E000907B7 /* Debug */,
				E7145E9D26B3207E000907B7 /* Release */,
			);
			defaultConfigurationIsVisible = 0;
			defaultConfigurationName = Release;
		};
/* End XCConfigurationList section */

/* Begin XCRemoteSwiftPackageReference section */
		E7145EA926B34B4A000907B7 /* XCRemoteSwiftPackageReference "FocusEntity" */ = {
			isa = XCRemoteSwiftPackageReference;
			repositoryURL = "https://github.com/maxxfrazer/FocusEntity.git";
			requirement = {
				kind = upToNextMajorVersion;
				minimumVersion = 2.2.3;
			};
		};
		E7145EAC26B34D7D000907B7 /* XCRemoteSwiftPackageReference "ARKit-SmartHitTest" */ = {
			isa = XCRemoteSwiftPackageReference;
			repositoryURL = "https://github.com/maxxfrazer/ARKit-SmartHitTest.git";
			requirement = {
				kind = upToNextMajorVersion;
				minimumVersion = 2.0.0;
			};
		};
/* End XCRemoteSwiftPackageReference section */

/* Begin XCSwiftPackageProductDependency section */
		E7145EAA26B34B4A000907B7 /* FocusEntity */ = {
			isa = XCSwiftPackageProductDependency;
			package = E7145EA926B34B4A000907B7 /* XCRemoteSwiftPackageReference "FocusEntity" */;
			productName = FocusEntity;
		};
		E7145EAD26B34D7D000907B7 /* SmartHitTest */ = {
			isa = XCSwiftPackageProductDependency;
			package = E7145EAC26B34D7D000907B7 /* XCRemoteSwiftPackageReference "ARKit-SmartHitTest" */;
			productName = SmartHitTest;
		};
/* End XCSwiftPackageProductDependency section */
	};
	rootObject = E7145E8226B3207E000907B7 /* Project object */;
}
